
Microsoft Visual Studio Solution File, Format Version 12.00
# Visual Studio Version 17
VisualStudioVersion = 17.5.33530.505
MinimumVisualStudioVersion = 10.0.40219.1
Project("{2150E333-8FDC-42A3-9474-1A3956D46DE8}") = "documents", "documents", "{A70FC42B-F0A0-43EC-B76E-7586811FCF13}"
	ProjectSection(SolutionItems) = preProject
		documents\documentation.md = documents\documentation.md
	EndProjectSection
EndProject
Project("{2150E333-8FDC-42A3-9474-1A3956D46DE8}") = "release-notes", "release-notes", "{65F2891F-9158-4EE1-8296-D44C5388D5C7}"
	ProjectSection(SolutionItems) = preProject
		documents\release-notes\release-notes.md = documents\release-notes\release-notes.md
	EndProjectSection
EndProject
Project("{2150E333-8FDC-42A3-9474-1A3956D46DE8}") = "source", "source", "{C3C7D8A2-E32D-4353-A70F-5D88D52E48D3}"
EndProject
Project("{9A19103F-16F7-4668-BE54-9A1E7A4F7556}") = "SqlStatementExecution", "source\SqlStatementExecution\SqlStatementExecution.csproj", "{8DAD22BC-DA0E-484D-9092-57AE4394DCA0}"
EndProject
Project("{9A19103F-16F7-4668-BE54-9A1E7A4F7556}") = "SqlStatementExecution.Tests", "source\SqlStatementExecution.Tests\SqlStatementExecution.Tests.csproj", "{CAE1550E-D962-458A-95C2-D42B89E37B65}"
EndProject
Project("{9A19103F-16F7-4668-BE54-9A1E7A4F7556}") = "SqlStatementExecution.IntegrationTests", "source\SqlStatementExecution.IntegrationTests\SqlStatementExecution.IntegrationTests.csproj", "{E8A56710-1EB2-4ED1-8E93-E3653F815983}"
EndProject
Project("{FAE04EC0-301F-11D3-BF4B-00C04F79EFBC}") = "HealthChecks", "source\HealthChecks\HealthChecks.csproj", "{962D1EB7-3F1D-4C95-9E8B-73FBA4DD1A04}"
EndProject
Project("{FAE04EC0-301F-11D3-BF4B-00C04F79EFBC}") = "Common", "source\Common\Common.csproj", "{63EB9F56-646B-47A5-8FE0-8CD199BCC8BA}"
EndProject
Project("{FAE04EC0-301F-11D3-BF4B-00C04F79EFBC}") = "Jobs", "source\Jobs\Jobs.csproj", "{D13CCA95-0E2F-47E1-9266-F2020BB7E1A0}"
EndProject
Global
	GlobalSection(SolutionConfigurationPlatforms) = preSolution
		Debug|Any CPU = Debug|Any CPU
		Release|Any CPU = Release|Any CPU
	EndGlobalSection
	GlobalSection(ProjectConfigurationPlatforms) = postSolution
		{8DAD22BC-DA0E-484D-9092-57AE4394DCA0}.Debug|Any CPU.ActiveCfg = Debug|Any CPU
		{8DAD22BC-DA0E-484D-9092-57AE4394DCA0}.Debug|Any CPU.Build.0 = Debug|Any CPU
		{8DAD22BC-DA0E-484D-9092-57AE4394DCA0}.Release|Any CPU.ActiveCfg = Release|Any CPU
		{8DAD22BC-DA0E-484D-9092-57AE4394DCA0}.Release|Any CPU.Build.0 = Release|Any CPU
		{CAE1550E-D962-458A-95C2-D42B89E37B65}.Debug|Any CPU.ActiveCfg = Debug|Any CPU
		{CAE1550E-D962-458A-95C2-D42B89E37B65}.Debug|Any CPU.Build.0 = Debug|Any CPU
		{CAE1550E-D962-458A-95C2-D42B89E37B65}.Release|Any CPU.ActiveCfg = Release|Any CPU
		{CAE1550E-D962-458A-95C2-D42B89E37B65}.Release|Any CPU.Build.0 = Release|Any CPU
		{E8A56710-1EB2-4ED1-8E93-E3653F815983}.Debug|Any CPU.ActiveCfg = Debug|Any CPU
		{E8A56710-1EB2-4ED1-8E93-E3653F815983}.Debug|Any CPU.Build.0 = Debug|Any CPU
		{E8A56710-1EB2-4ED1-8E93-E3653F815983}.Release|Any CPU.ActiveCfg = Release|Any CPU
		{E8A56710-1EB2-4ED1-8E93-E3653F815983}.Release|Any CPU.Build.0 = Release|Any CPU
		{962D1EB7-3F1D-4C95-9E8B-73FBA4DD1A04}.Debug|Any CPU.ActiveCfg = Debug|Any CPU
		{962D1EB7-3F1D-4C95-9E8B-73FBA4DD1A04}.Debug|Any CPU.Build.0 = Debug|Any CPU
		{962D1EB7-3F1D-4C95-9E8B-73FBA4DD1A04}.Release|Any CPU.ActiveCfg = Release|Any CPU
		{962D1EB7-3F1D-4C95-9E8B-73FBA4DD1A04}.Release|Any CPU.Build.0 = Release|Any CPU
		{63EB9F56-646B-47A5-8FE0-8CD199BCC8BA}.Debug|Any CPU.ActiveCfg = Debug|Any CPU
		{63EB9F56-646B-47A5-8FE0-8CD199BCC8BA}.Debug|Any CPU.Build.0 = Debug|Any CPU
		{63EB9F56-646B-47A5-8FE0-8CD199BCC8BA}.Release|Any CPU.ActiveCfg = Release|Any CPU
		{63EB9F56-646B-47A5-8FE0-8CD199BCC8BA}.Release|Any CPU.Build.0 = Release|Any CPU
		{D13CCA95-0E2F-47E1-9266-F2020BB7E1A0}.Debug|Any CPU.ActiveCfg = Debug|Any CPU
		{D13CCA95-0E2F-47E1-9266-F2020BB7E1A0}.Debug|Any CPU.Build.0 = Debug|Any CPU
		{D13CCA95-0E2F-47E1-9266-F2020BB7E1A0}.Release|Any CPU.ActiveCfg = Release|Any CPU
		{D13CCA95-0E2F-47E1-9266-F2020BB7E1A0}.Release|Any CPU.Build.0 = Release|Any CPU
	EndGlobalSection
	GlobalSection(SolutionProperties) = preSolution
		HideSolutionNode = FALSE
	EndGlobalSection
	GlobalSection(NestedProjects) = preSolution
		{65F2891F-9158-4EE1-8296-D44C5388D5C7} = {A70FC42B-F0A0-43EC-B76E-7586811FCF13}
		{8DAD22BC-DA0E-484D-9092-57AE4394DCA0} = {C3C7D8A2-E32D-4353-A70F-5D88D52E48D3}
		{CAE1550E-D962-458A-95C2-D42B89E37B65} = {C3C7D8A2-E32D-4353-A70F-5D88D52E48D3}
		{E8A56710-1EB2-4ED1-8E93-E3653F815983} = {C3C7D8A2-E32D-4353-A70F-5D88D52E48D3}
		{962D1EB7-3F1D-4C95-9E8B-73FBA4DD1A04} = {C3C7D8A2-E32D-4353-A70F-5D88D52E48D3}
		{63EB9F56-646B-47A5-8FE0-8CD199BCC8BA} = {C3C7D8A2-E32D-4353-A70F-5D88D52E48D3}
		{D13CCA95-0E2F-47E1-9266-F2020BB7E1A0} = {C3C7D8A2-E32D-4353-A70F-5D88D52E48D3}
	EndGlobalSection
	GlobalSection(ExtensibilityGlobals) = postSolution
		SolutionGuid = {66C69E01-8F6F-4E17-BA99-F00F5E65D57E}
	EndGlobalSection
EndGlobal
