
Microsoft Visual Studio Solution File, Format Version 12.00
# Visual Studio Version 17
VisualStudioVersion = 17.5.33530.505
MinimumVisualStudioVersion = 10.0.40219.1
Project("{2150E333-8FDC-42A3-9474-1A3956D46DE8}") = "documents", "documents", "{A70FC42B-F0A0-43EC-B76E-7586811FCF13}"
	ProjectSection(SolutionItems) = preProject
		documents\documentation.md = documents\documentation.md
	EndProjectSection
EndProject
Project("{2150E333-8FDC-42A3-9474-1A3956D46DE8}") = "release-notes", "release-notes", "{65F2891F-9158-4EE1-8296-D44C5388D5C7}"
	ProjectSection(SolutionItems) = preProject
		release-notes.md = release-notes.md
	EndProjectSection
EndProject
Project("{2150E333-8FDC-42A3-9474-1A3956D46DE8}") = "source", "source", "{C3C7D8A2-E32D-4353-A70F-5D88D52E48D3}"
EndProject
Project("{9A19103F-16F7-4668-BE54-9A1E7A4F7556}") = "SqlStatementExecution", "SqlStatement\SqlStatementExecution.csproj", "{4A5B154A-5248-438C-BD6F-5E71AD3DE6CD}"
EndProject
Project("{FAE04EC0-301F-11D3-BF4B-00C04F79EFBC}") = "SqlStatementExecution.Tests", "SqlStatementExecution.Tests\SqlStatementExecution.Tests.csproj", "{D1104C21-51CD-4BD1-A8F9-2A5990098F43}"
EndProject
Global
	GlobalSection(SolutionConfigurationPlatforms) = preSolution
		Debug|Any CPU = Debug|Any CPU
		Release|Any CPU = Release|Any CPU
	EndGlobalSection
	GlobalSection(ProjectConfigurationPlatforms) = postSolution
		{4A5B154A-5248-438C-BD6F-5E71AD3DE6CD}.Debug|Any CPU.ActiveCfg = Debug|Any CPU
		{4A5B154A-5248-438C-BD6F-5E71AD3DE6CD}.Debug|Any CPU.Build.0 = Debug|Any CPU
		{4A5B154A-5248-438C-BD6F-5E71AD3DE6CD}.Release|Any CPU.ActiveCfg = Release|Any CPU
		{4A5B154A-5248-438C-BD6F-5E71AD3DE6CD}.Release|Any CPU.Build.0 = Release|Any CPU
		{D1104C21-51CD-4BD1-A8F9-2A5990098F43}.Debug|Any CPU.ActiveCfg = Debug|Any CPU
		{D1104C21-51CD-4BD1-A8F9-2A5990098F43}.Debug|Any CPU.Build.0 = Debug|Any CPU
		{D1104C21-51CD-4BD1-A8F9-2A5990098F43}.Release|Any CPU.ActiveCfg = Release|Any CPU
		{D1104C21-51CD-4BD1-A8F9-2A5990098F43}.Release|Any CPU.Build.0 = Release|Any CPU
	EndGlobalSection
	GlobalSection(SolutionProperties) = preSolution
		HideSolutionNode = FALSE
	EndGlobalSection
	GlobalSection(NestedProjects) = preSolution
		{65F2891F-9158-4EE1-8296-D44C5388D5C7} = {A70FC42B-F0A0-43EC-B76E-7586811FCF13}
		{4A5B154A-5248-438C-BD6F-5E71AD3DE6CD} = {C3C7D8A2-E32D-4353-A70F-5D88D52E48D3}
		{D1104C21-51CD-4BD1-A8F9-2A5990098F43} = {C3C7D8A2-E32D-4353-A70F-5D88D52E48D3}
	EndGlobalSection
	GlobalSection(ExtensibilityGlobals) = postSolution
		SolutionGuid = {66C69E01-8F6F-4E17-BA99-F00F5E65D57E}
	EndGlobalSection
EndGlobal
