
Microsoft Visual Studio Solution File, Format Version 12.00
# Visual Studio Version 17
VisualStudioVersion = 17.0.31919.166
MinimumVisualStudioVersion = 10.0.40219.1
Project("{9A19103F-16F7-4668-BE54-9A1E7A4F7556}") = "TraceContext", "source\TraceContext\TraceContext.csproj", "{326BA379-27F3-44C2-9C26-0334024130F8}"
EndProject
Project("{2150E333-8FDC-42A3-9474-1A3956D46DE8}") = "source", "source", "{B5275047-FFC2-49F2-ADC1-A8F4686E6793}"
EndProject
Project("{2150E333-8FDC-42A3-9474-1A3956D46DE8}") = "documents", "documents", "{A67CA8D4-E9A5-4376-8A69-0E895612C6C0}"
	ProjectSection(SolutionItems) = preProject
		documents\documentation.md = documents\documentation.md
	EndProjectSection
EndProject
Project("{2150E333-8FDC-42A3-9474-1A3956D46DE8}") = "release-notes", "release-notes", "{46A6656F-B1EE-4FB5-878B-A3882873499F}"
	ProjectSection(SolutionItems) = preProject
		documents\release-notes\release-notes.md = documents\release-notes\release-notes.md
	EndProjectSection
EndProject
Project("{FAE04EC0-301F-11D3-BF4B-00C04F79EFBC}") = "TraceContext.Tests", "source\TraceContext.Tests\TraceContext.Tests.csproj", "{12749C1B-F1B3-4540-8302-EA502AF98DC8}"
EndProject
Global
	GlobalSection(SolutionConfigurationPlatforms) = preSolution
		Debug|Any CPU = Debug|Any CPU
		Release|Any CPU = Release|Any CPU
	EndGlobalSection
	GlobalSection(ProjectConfigurationPlatforms) = postSolution
		{326BA379-27F3-44C2-9C26-0334024130F8}.Debug|Any CPU.ActiveCfg = Debug|Any CPU
		{326BA379-27F3-44C2-9C26-0334024130F8}.Debug|Any CPU.Build.0 = Debug|Any CPU
		{326BA379-27F3-44C2-9C26-0334024130F8}.Release|Any CPU.ActiveCfg = Release|Any CPU
		{326BA379-27F3-44C2-9C26-0334024130F8}.Release|Any CPU.Build.0 = Release|Any CPU
		{12749C1B-F1B3-4540-8302-EA502AF98DC8}.Debug|Any CPU.ActiveCfg = Debug|Any CPU
		{12749C1B-F1B3-4540-8302-EA502AF98DC8}.Debug|Any CPU.Build.0 = Debug|Any CPU
		{12749C1B-F1B3-4540-8302-EA502AF98DC8}.Release|Any CPU.ActiveCfg = Release|Any CPU
		{12749C1B-F1B3-4540-8302-EA502AF98DC8}.Release|Any CPU.Build.0 = Release|Any CPU
	EndGlobalSection
	GlobalSection(SolutionProperties) = preSolution
		HideSolutionNode = FALSE
	EndGlobalSection
	GlobalSection(NestedProjects) = preSolution
		{326BA379-27F3-44C2-9C26-0334024130F8} = {B5275047-FFC2-49F2-ADC1-A8F4686E6793}
		{46A6656F-B1EE-4FB5-878B-A3882873499F} = {A67CA8D4-E9A5-4376-8A69-0E895612C6C0}
		{12749C1B-F1B3-4540-8302-EA502AF98DC8} = {B5275047-FFC2-49F2-ADC1-A8F4686E6793}
	EndGlobalSection
	GlobalSection(ExtensibilityGlobals) = postSolution
		SolutionGuid = {FF857DCB-B330-4151-A542-4D1567E0019C}
	EndGlobalSection
EndGlobal
