
Microsoft Visual Studio Solution File, Format Version 12.00
# Visual Studio Version 17
VisualStudioVersion = 17.1.32228.430
MinimumVisualStudioVersion = 10.0.40219.1
Project("{2150E333-8FDC-42A3-9474-1A3956D46DE8}") = "source", "source", "{6B41AD50-3A7B-41DE-8FF7-E74704460417}"
EndProject
Project("{2150E333-8FDC-42A3-9474-1A3956D46DE8}") = "documents", "documents", "{FC132C56-E963-4AE8-AA5B-4F78C2FCD3DB}"
	ProjectSection(SolutionItems) = preProject
		documents\development.md = documents\development.md
		documents\documentation.md = documents\documentation.md
	EndProjectSection
EndProject
Project("{2150E333-8FDC-42A3-9474-1A3956D46DE8}") = "release-notes", "release-notes", "{8936A83F-251F-43B8-9D3A-0C92EB16211E}"
	ProjectSection(SolutionItems) = preProject
		documents\release-notes\release-notes.md = documents\release-notes\release-notes.md
		documents\release-notes\version_13_0_0.md = documents\release-notes\version_13_0_0.md
	EndProjectSection
EndProject
Project("{9A19103F-16F7-4668-BE54-9A1E7A4F7556}") = "Common", "source\Common\Common.csproj", "{6711BD5F-4753-4E3C-AEFF-3DCAA79EFC5A}"
EndProject
Project("{9A19103F-16F7-4668-BE54-9A1E7A4F7556}") = "Common.Tests", "source\Common.Tests\Common.Tests.csproj", "{B7975DDC-1F36-4482-97D2-49F7420D2B47}"
EndProject
Project("{9A19103F-16F7-4668-BE54-9A1E7A4F7556}") = "Common.Abstractions", "source\Common.Abstractions\Common.Abstractions.csproj", "{0847DC2D-8E38-4972-A733-AFDE6DC932C0}"
EndProject
Project("{9A19103F-16F7-4668-BE54-9A1E7A4F7556}") = "FunctionApp", "source\FunctionApp\FunctionApp.csproj", "{CD47138E-5C6D-4E9C-8A44-F1A080C8BE93}"
EndProject
Project("{9A19103F-16F7-4668-BE54-9A1E7A4F7556}") = "WebApp", "source\WebApp\WebApp.csproj", "{D4591159-57DE-410C-BF62-81E4E14BD192}"
EndProject
Project("{9A19103F-16F7-4668-BE54-9A1E7A4F7556}") = "FunctionApp.Tests", "source\FunctionApp.Tests\FunctionApp.Tests.csproj", "{432DA871-1514-423E-B0EB-7F5873CB1E45}"
EndProject
Project("{2150E333-8FDC-42A3-9474-1A3956D46DE8}") = "example", "example", "{856E0E44-CB7A-4A3F-8243-3B5601B0A553}"
EndProject
Project("{9A19103F-16F7-4668-BE54-9A1E7A4F7556}") = "ExampleHost.FunctionApp01", "source\ExampleHost.FunctionApp01\ExampleHost.FunctionApp01.csproj", "{FB0C3D18-4366-421B-B5C6-56F0A7D7BA16}"
EndProject
Project("{9A19103F-16F7-4668-BE54-9A1E7A4F7556}") = "ExampleHost.FunctionApp02", "source\ExampleHost.FunctionApp02\ExampleHost.FunctionApp02.csproj", "{F1E201ED-4DA7-49A0-A132-F0A48D109D94}"
EndProject
Project("{9A19103F-16F7-4668-BE54-9A1E7A4F7556}") = "ExampleHost.WebApi01", "source\ExampleHost.WebApi01\ExampleHost.WebApi01.csproj", "{A182F9DE-6C59-49C1-9EB8-E9DD12C522FE}"
EndProject
Project("{9A19103F-16F7-4668-BE54-9A1E7A4F7556}") = "ExampleHost.FunctionApp.Tests", "source\ExampleHost.FunctionApp.Tests\ExampleHost.FunctionApp.Tests.csproj", "{530AAF08-2CEC-47FE-B717-A7A07C7E3195}"
EndProject
Project("{9A19103F-16F7-4668-BE54-9A1E7A4F7556}") = "ExampleHost.WebApi.Tests", "source\ExampleHost.WebApi.Tests\ExampleHost.WebApi.Tests.csproj", "{574631A7-E9D0-4F69-9B68-3D88D6EF7698}"
EndProject
Project("{9A19103F-16F7-4668-BE54-9A1E7A4F7556}") = "ExampleHost.WebApi02", "source\ExampleHost.WebApi02\ExampleHost.WebApi02.csproj", "{BF5D73EF-CB11-4B61-836A-1FCC80F28F3E}"
EndProject
Project("{9A19103F-16F7-4668-BE54-9A1E7A4F7556}") = "ExampleHost.WebApi03", "source\ExampleHost.WebApi03\ExampleHost.WebApi03.csproj", "{CD571ADD-B111-49EA-9CDE-E4EA4E44EC9F}"
EndProject
Project("{9A19103F-16F7-4668-BE54-9A1E7A4F7556}") = "WebApp.Tests", "source\WebApp.Tests\WebApp.Tests.csproj", "{381D15A6-77F7-4F35-B343-1B79677B8BBD}"
EndProject
Project("{2150E333-8FDC-42A3-9474-1A3956D46DE8}") = "_ConfigurationFiles", "_ConfigurationFiles", "{5F58BA4F-E821-4C4E-97B1-F61B9C1A7C57}"
	ProjectSection(SolutionItems) = preProject
		.editorconfig = .editorconfig
		Directory.Build.props = Directory.Build.props
	EndProjectSection
EndProject
Project("{2150E333-8FDC-42A3-9474-1A3956D46DE8}") = "registrations", "registrations", "{6E808B3E-29F6-48F9-B993-F649B938B546}"
	ProjectSection(SolutionItems) = preProject
		documents\registrations\feature-management.md = documents\registrations\feature-management.md
		documents\registrations\health-checks.md = documents\registrations\health-checks.md
		documents\registrations\noda-time.md = documents\registrations\noda-time.md
		documents\registrations\subsystem-authentication.md = documents\registrations\subsystem-authentication.md
		documents\registrations\swagger-api-version.md = documents\registrations\swagger-api-version.md
		documents\registrations\telemetry.md = documents\registrations\telemetry.md
		documents\registrations\user-authorization.md = documents\registrations\user-authorization.md
	EndProjectSection
EndProject
Project("{2150E333-8FDC-42A3-9474-1A3956D46DE8}") = "function", "function", "{7AA64761-B1AD-4B1D-AC3C-566FD7FE1FCE}"
EndProject
Project("{2150E333-8FDC-42A3-9474-1A3956D46DE8}") = "web", "web", "{47BAB295-67B4-4348-B8E9-FE60A7F93A4C}"
EndProject
Global
	GlobalSection(SolutionConfigurationPlatforms) = preSolution
		Debug|Any CPU = Debug|Any CPU
		Release|Any CPU = Release|Any CPU
	EndGlobalSection
	GlobalSection(ProjectConfigurationPlatforms) = postSolution
		{6711BD5F-4753-4E3C-AEFF-3DCAA79EFC5A}.Debug|Any CPU.ActiveCfg = Debug|Any CPU
		{6711BD5F-4753-4E3C-AEFF-3DCAA79EFC5A}.Debug|Any CPU.Build.0 = Debug|Any CPU
		{6711BD5F-4753-4E3C-AEFF-3DCAA79EFC5A}.Release|Any CPU.ActiveCfg = Release|Any CPU
		{6711BD5F-4753-4E3C-AEFF-3DCAA79EFC5A}.Release|Any CPU.Build.0 = Release|Any CPU
		{B7975DDC-1F36-4482-97D2-49F7420D2B47}.Debug|Any CPU.ActiveCfg = Debug|Any CPU
		{B7975DDC-1F36-4482-97D2-49F7420D2B47}.Debug|Any CPU.Build.0 = Debug|Any CPU
		{B7975DDC-1F36-4482-97D2-49F7420D2B47}.Release|Any CPU.ActiveCfg = Release|Any CPU
		{B7975DDC-1F36-4482-97D2-49F7420D2B47}.Release|Any CPU.Build.0 = Release|Any CPU
		{0847DC2D-8E38-4972-A733-AFDE6DC932C0}.Debug|Any CPU.ActiveCfg = Debug|Any CPU
		{0847DC2D-8E38-4972-A733-AFDE6DC932C0}.Debug|Any CPU.Build.0 = Debug|Any CPU
		{0847DC2D-8E38-4972-A733-AFDE6DC932C0}.Release|Any CPU.ActiveCfg = Release|Any CPU
		{0847DC2D-8E38-4972-A733-AFDE6DC932C0}.Release|Any CPU.Build.0 = Release|Any CPU
		{CD47138E-5C6D-4E9C-8A44-F1A080C8BE93}.Debug|Any CPU.ActiveCfg = Debug|Any CPU
		{CD47138E-5C6D-4E9C-8A44-F1A080C8BE93}.Debug|Any CPU.Build.0 = Debug|Any CPU
		{CD47138E-5C6D-4E9C-8A44-F1A080C8BE93}.Release|Any CPU.ActiveCfg = Release|Any CPU
		{CD47138E-5C6D-4E9C-8A44-F1A080C8BE93}.Release|Any CPU.Build.0 = Release|Any CPU
		{D4591159-57DE-410C-BF62-81E4E14BD192}.Debug|Any CPU.ActiveCfg = Debug|Any CPU
		{D4591159-57DE-410C-BF62-81E4E14BD192}.Debug|Any CPU.Build.0 = Debug|Any CPU
		{D4591159-57DE-410C-BF62-81E4E14BD192}.Release|Any CPU.ActiveCfg = Release|Any CPU
		{D4591159-57DE-410C-BF62-81E4E14BD192}.Release|Any CPU.Build.0 = Release|Any CPU
		{432DA871-1514-423E-B0EB-7F5873CB1E45}.Debug|Any CPU.ActiveCfg = Debug|Any CPU
		{432DA871-1514-423E-B0EB-7F5873CB1E45}.Debug|Any CPU.Build.0 = Debug|Any CPU
		{432DA871-1514-423E-B0EB-7F5873CB1E45}.Release|Any CPU.ActiveCfg = Release|Any CPU
		{432DA871-1514-423E-B0EB-7F5873CB1E45}.Release|Any CPU.Build.0 = Release|Any CPU
		{FB0C3D18-4366-421B-B5C6-56F0A7D7BA16}.Debug|Any CPU.ActiveCfg = Debug|Any CPU
		{FB0C3D18-4366-421B-B5C6-56F0A7D7BA16}.Debug|Any CPU.Build.0 = Debug|Any CPU
		{FB0C3D18-4366-421B-B5C6-56F0A7D7BA16}.Release|Any CPU.ActiveCfg = Release|Any CPU
		{FB0C3D18-4366-421B-B5C6-56F0A7D7BA16}.Release|Any CPU.Build.0 = Release|Any CPU
		{F1E201ED-4DA7-49A0-A132-F0A48D109D94}.Debug|Any CPU.ActiveCfg = Debug|Any CPU
		{F1E201ED-4DA7-49A0-A132-F0A48D109D94}.Debug|Any CPU.Build.0 = Debug|Any CPU
		{F1E201ED-4DA7-49A0-A132-F0A48D109D94}.Release|Any CPU.ActiveCfg = Release|Any CPU
		{F1E201ED-4DA7-49A0-A132-F0A48D109D94}.Release|Any CPU.Build.0 = Release|Any CPU
		{A182F9DE-6C59-49C1-9EB8-E9DD12C522FE}.Debug|Any CPU.ActiveCfg = Debug|Any CPU
		{A182F9DE-6C59-49C1-9EB8-E9DD12C522FE}.Debug|Any CPU.Build.0 = Debug|Any CPU
		{A182F9DE-6C59-49C1-9EB8-E9DD12C522FE}.Release|Any CPU.ActiveCfg = Release|Any CPU
		{A182F9DE-6C59-49C1-9EB8-E9DD12C522FE}.Release|Any CPU.Build.0 = Release|Any CPU
		{530AAF08-2CEC-47FE-B717-A7A07C7E3195}.Debug|Any CPU.ActiveCfg = Debug|Any CPU
		{530AAF08-2CEC-47FE-B717-A7A07C7E3195}.Debug|Any CPU.Build.0 = Debug|Any CPU
		{530AAF08-2CEC-47FE-B717-A7A07C7E3195}.Release|Any CPU.ActiveCfg = Release|Any CPU
		{530AAF08-2CEC-47FE-B717-A7A07C7E3195}.Release|Any CPU.Build.0 = Release|Any CPU
		{574631A7-E9D0-4F69-9B68-3D88D6EF7698}.Debug|Any CPU.ActiveCfg = Debug|Any CPU
		{574631A7-E9D0-4F69-9B68-3D88D6EF7698}.Debug|Any CPU.Build.0 = Debug|Any CPU
		{574631A7-E9D0-4F69-9B68-3D88D6EF7698}.Release|Any CPU.ActiveCfg = Release|Any CPU
		{574631A7-E9D0-4F69-9B68-3D88D6EF7698}.Release|Any CPU.Build.0 = Release|Any CPU
		{BF5D73EF-CB11-4B61-836A-1FCC80F28F3E}.Debug|Any CPU.ActiveCfg = Debug|Any CPU
		{BF5D73EF-CB11-4B61-836A-1FCC80F28F3E}.Debug|Any CPU.Build.0 = Debug|Any CPU
		{BF5D73EF-CB11-4B61-836A-1FCC80F28F3E}.Release|Any CPU.ActiveCfg = Release|Any CPU
		{BF5D73EF-CB11-4B61-836A-1FCC80F28F3E}.Release|Any CPU.Build.0 = Release|Any CPU
		{CD571ADD-B111-49EA-9CDE-E4EA4E44EC9F}.Debug|Any CPU.ActiveCfg = Debug|Any CPU
		{CD571ADD-B111-49EA-9CDE-E4EA4E44EC9F}.Debug|Any CPU.Build.0 = Debug|Any CPU
		{CD571ADD-B111-49EA-9CDE-E4EA4E44EC9F}.Release|Any CPU.ActiveCfg = Release|Any CPU
		{CD571ADD-B111-49EA-9CDE-E4EA4E44EC9F}.Release|Any CPU.Build.0 = Release|Any CPU
		{381D15A6-77F7-4F35-B343-1B79677B8BBD}.Debug|Any CPU.ActiveCfg = Debug|Any CPU
		{381D15A6-77F7-4F35-B343-1B79677B8BBD}.Debug|Any CPU.Build.0 = Debug|Any CPU
		{381D15A6-77F7-4F35-B343-1B79677B8BBD}.Release|Any CPU.ActiveCfg = Release|Any CPU
		{381D15A6-77F7-4F35-B343-1B79677B8BBD}.Release|Any CPU.Build.0 = Release|Any CPU
	EndGlobalSection
	GlobalSection(SolutionProperties) = preSolution
		HideSolutionNode = FALSE
	EndGlobalSection
	GlobalSection(NestedProjects) = preSolution
		{8936A83F-251F-43B8-9D3A-0C92EB16211E} = {FC132C56-E963-4AE8-AA5B-4F78C2FCD3DB}
		{6711BD5F-4753-4E3C-AEFF-3DCAA79EFC5A} = {6B41AD50-3A7B-41DE-8FF7-E74704460417}
		{B7975DDC-1F36-4482-97D2-49F7420D2B47} = {6B41AD50-3A7B-41DE-8FF7-E74704460417}
		{0847DC2D-8E38-4972-A733-AFDE6DC932C0} = {6B41AD50-3A7B-41DE-8FF7-E74704460417}
		{CD47138E-5C6D-4E9C-8A44-F1A080C8BE93} = {6B41AD50-3A7B-41DE-8FF7-E74704460417}
		{D4591159-57DE-410C-BF62-81E4E14BD192} = {6B41AD50-3A7B-41DE-8FF7-E74704460417}
		{432DA871-1514-423E-B0EB-7F5873CB1E45} = {6B41AD50-3A7B-41DE-8FF7-E74704460417}
		{FB0C3D18-4366-421B-B5C6-56F0A7D7BA16} = {7AA64761-B1AD-4B1D-AC3C-566FD7FE1FCE}
		{F1E201ED-4DA7-49A0-A132-F0A48D109D94} = {7AA64761-B1AD-4B1D-AC3C-566FD7FE1FCE}
		{A182F9DE-6C59-49C1-9EB8-E9DD12C522FE} = {47BAB295-67B4-4348-B8E9-FE60A7F93A4C}
		{530AAF08-2CEC-47FE-B717-A7A07C7E3195} = {7AA64761-B1AD-4B1D-AC3C-566FD7FE1FCE}
		{574631A7-E9D0-4F69-9B68-3D88D6EF7698} = {47BAB295-67B4-4348-B8E9-FE60A7F93A4C}
		{BF5D73EF-CB11-4B61-836A-1FCC80F28F3E} = {47BAB295-67B4-4348-B8E9-FE60A7F93A4C}
		{CD571ADD-B111-49EA-9CDE-E4EA4E44EC9F} = {47BAB295-67B4-4348-B8E9-FE60A7F93A4C}
		{381D15A6-77F7-4F35-B343-1B79677B8BBD} = {6B41AD50-3A7B-41DE-8FF7-E74704460417}
		{6E808B3E-29F6-48F9-B993-F649B938B546} = {FC132C56-E963-4AE8-AA5B-4F78C2FCD3DB}
		{7AA64761-B1AD-4B1D-AC3C-566FD7FE1FCE} = {856E0E44-CB7A-4A3F-8243-3B5601B0A553}
		{47BAB295-67B4-4348-B8E9-FE60A7F93A4C} = {856E0E44-CB7A-4A3F-8243-3B5601B0A553}
	EndGlobalSection
	GlobalSection(ExtensibilityGlobals) = postSolution
		SolutionGuid = {97C97DEA-A677-4CDB-919D-DECF30991C7B}
	EndGlobalSection
EndGlobal
