
Microsoft Visual Studio Solution File, Format Version 12.00
# Visual Studio Version 17
VisualStudioVersion = 17.1.32228.430
MinimumVisualStudioVersion = 10.0.40219.1
Project("{2150E333-8FDC-42A3-9474-1A3956D46DE8}") = "source", "source", "{6B41AD50-3A7B-41DE-8FF7-E74704460417}"
EndProject
Project("{2150E333-8FDC-42A3-9474-1A3956D46DE8}") = "documents", "documents", "{FC132C56-E963-4AE8-AA5B-4F78C2FCD3DB}"
	ProjectSection(SolutionItems) = preProject
		documents\correlationIdMiddleware.md = documents\correlationIdMiddleware.md
		documents\documentation.md = documents\documentation.md
		documents\health-checks.md = documents\health-checks.md
		documents\middleware.md = documents\middleware.md
		documents\functionTelemetryScopeMiddleware.md = documents\functionTelemetryScopeMiddleware.md
	EndProjectSection
EndProject
Project("{2150E333-8FDC-42A3-9474-1A3956D46DE8}") = "release-notes", "release-notes", "{8936A83F-251F-43B8-9D3A-0C92EB16211E}"
	ProjectSection(SolutionItems) = preProject
		documents\release-notes\release-notes.md = documents\release-notes\release-notes.md
	EndProjectSection
EndProject
Project("{9A19103F-16F7-4668-BE54-9A1E7A4F7556}") = "Common", "source\Common\Common.csproj", "{6711BD5F-4753-4E3C-AEFF-3DCAA79EFC5A}"
EndProject
Project("{9A19103F-16F7-4668-BE54-9A1E7A4F7556}") = "Common.Tests", "source\Common.Tests\Common.Tests.csproj", "{B7975DDC-1F36-4482-97D2-49F7420D2B47}"
EndProject
Project("{9A19103F-16F7-4668-BE54-9A1E7A4F7556}") = "Common.Abstractions", "source\Common.Abstractions\Common.Abstractions.csproj", "{0847DC2D-8E38-4972-A733-AFDE6DC932C0}"
EndProject
Project("{9A19103F-16F7-4668-BE54-9A1E7A4F7556}") = "FunctionApp.SimpleInjector", "source\FunctionApp.SimpleInjector\FunctionApp.SimpleInjector.csproj", "{9264F591-04B6-47F6-AD83-084BF5E226AB}"
EndProject
Project("{9A19103F-16F7-4668-BE54-9A1E7A4F7556}") = "FunctionApp", "source\FunctionApp\FunctionApp.csproj", "{CD47138E-5C6D-4E9C-8A44-F1A080C8BE93}"
EndProject
Project("{9A19103F-16F7-4668-BE54-9A1E7A4F7556}") = "WebApp", "source\WebApp\WebApp.csproj", "{D4591159-57DE-410C-BF62-81E4E14BD192}"
EndProject
Project("{9A19103F-16F7-4668-BE54-9A1E7A4F7556}") = "WebApp.SimpleInjector", "source\WebApp.SimpleInjector\WebApp.SimpleInjector.csproj", "{9F457836-6420-49AD-8EB3-EEF300E35F8E}"
EndProject
Project("{9A19103F-16F7-4668-BE54-9A1E7A4F7556}") = "Common.Security", "source\Common.Security\Common.Security.csproj", "{0C3952A7-BF54-4467-A70F-41EC5F3C3A0D}"
EndProject
Project("{9A19103F-16F7-4668-BE54-9A1E7A4F7556}") = "FunctionApp.Tests", "source\FunctionApp.Tests\FunctionApp.Tests.csproj", "{432DA871-1514-423E-B0EB-7F5873CB1E45}"
EndProject
Global
	GlobalSection(SolutionConfigurationPlatforms) = preSolution
		Debug|Any CPU = Debug|Any CPU
		Release|Any CPU = Release|Any CPU
	EndGlobalSection
	GlobalSection(ProjectConfigurationPlatforms) = postSolution
		{6711BD5F-4753-4E3C-AEFF-3DCAA79EFC5A}.Debug|Any CPU.ActiveCfg = Debug|Any CPU
		{6711BD5F-4753-4E3C-AEFF-3DCAA79EFC5A}.Debug|Any CPU.Build.0 = Debug|Any CPU
		{6711BD5F-4753-4E3C-AEFF-3DCAA79EFC5A}.Release|Any CPU.ActiveCfg = Release|Any CPU
		{6711BD5F-4753-4E3C-AEFF-3DCAA79EFC5A}.Release|Any CPU.Build.0 = Release|Any CPU
		{B7975DDC-1F36-4482-97D2-49F7420D2B47}.Debug|Any CPU.ActiveCfg = Debug|Any CPU
		{B7975DDC-1F36-4482-97D2-49F7420D2B47}.Debug|Any CPU.Build.0 = Debug|Any CPU
		{B7975DDC-1F36-4482-97D2-49F7420D2B47}.Release|Any CPU.ActiveCfg = Release|Any CPU
		{B7975DDC-1F36-4482-97D2-49F7420D2B47}.Release|Any CPU.Build.0 = Release|Any CPU
		{0847DC2D-8E38-4972-A733-AFDE6DC932C0}.Debug|Any CPU.ActiveCfg = Debug|Any CPU
		{0847DC2D-8E38-4972-A733-AFDE6DC932C0}.Debug|Any CPU.Build.0 = Debug|Any CPU
		{0847DC2D-8E38-4972-A733-AFDE6DC932C0}.Release|Any CPU.ActiveCfg = Release|Any CPU
		{0847DC2D-8E38-4972-A733-AFDE6DC932C0}.Release|Any CPU.Build.0 = Release|Any CPU
		{9264F591-04B6-47F6-AD83-084BF5E226AB}.Debug|Any CPU.ActiveCfg = Debug|Any CPU
		{9264F591-04B6-47F6-AD83-084BF5E226AB}.Debug|Any CPU.Build.0 = Debug|Any CPU
		{9264F591-04B6-47F6-AD83-084BF5E226AB}.Release|Any CPU.ActiveCfg = Release|Any CPU
		{9264F591-04B6-47F6-AD83-084BF5E226AB}.Release|Any CPU.Build.0 = Release|Any CPU
		{CD47138E-5C6D-4E9C-8A44-F1A080C8BE93}.Debug|Any CPU.ActiveCfg = Debug|Any CPU
		{CD47138E-5C6D-4E9C-8A44-F1A080C8BE93}.Debug|Any CPU.Build.0 = Debug|Any CPU
		{CD47138E-5C6D-4E9C-8A44-F1A080C8BE93}.Release|Any CPU.ActiveCfg = Release|Any CPU
		{CD47138E-5C6D-4E9C-8A44-F1A080C8BE93}.Release|Any CPU.Build.0 = Release|Any CPU
		{D4591159-57DE-410C-BF62-81E4E14BD192}.Debug|Any CPU.ActiveCfg = Debug|Any CPU
		{D4591159-57DE-410C-BF62-81E4E14BD192}.Debug|Any CPU.Build.0 = Debug|Any CPU
		{D4591159-57DE-410C-BF62-81E4E14BD192}.Release|Any CPU.ActiveCfg = Release|Any CPU
		{D4591159-57DE-410C-BF62-81E4E14BD192}.Release|Any CPU.Build.0 = Release|Any CPU
		{9F457836-6420-49AD-8EB3-EEF300E35F8E}.Debug|Any CPU.ActiveCfg = Debug|Any CPU
		{9F457836-6420-49AD-8EB3-EEF300E35F8E}.Debug|Any CPU.Build.0 = Debug|Any CPU
		{9F457836-6420-49AD-8EB3-EEF300E35F8E}.Release|Any CPU.ActiveCfg = Release|Any CPU
		{9F457836-6420-49AD-8EB3-EEF300E35F8E}.Release|Any CPU.Build.0 = Release|Any CPU
		{0C3952A7-BF54-4467-A70F-41EC5F3C3A0D}.Debug|Any CPU.ActiveCfg = Debug|Any CPU
		{0C3952A7-BF54-4467-A70F-41EC5F3C3A0D}.Debug|Any CPU.Build.0 = Debug|Any CPU
		{0C3952A7-BF54-4467-A70F-41EC5F3C3A0D}.Release|Any CPU.ActiveCfg = Release|Any CPU
		{0C3952A7-BF54-4467-A70F-41EC5F3C3A0D}.Release|Any CPU.Build.0 = Release|Any CPU
		{432DA871-1514-423E-B0EB-7F5873CB1E45}.Debug|Any CPU.ActiveCfg = Debug|Any CPU
		{432DA871-1514-423E-B0EB-7F5873CB1E45}.Debug|Any CPU.Build.0 = Debug|Any CPU
		{432DA871-1514-423E-B0EB-7F5873CB1E45}.Release|Any CPU.ActiveCfg = Release|Any CPU
		{432DA871-1514-423E-B0EB-7F5873CB1E45}.Release|Any CPU.Build.0 = Release|Any CPU
	EndGlobalSection
	GlobalSection(SolutionProperties) = preSolution
		HideSolutionNode = FALSE
	EndGlobalSection
	GlobalSection(NestedProjects) = preSolution
		{8936A83F-251F-43B8-9D3A-0C92EB16211E} = {FC132C56-E963-4AE8-AA5B-4F78C2FCD3DB}
		{6711BD5F-4753-4E3C-AEFF-3DCAA79EFC5A} = {6B41AD50-3A7B-41DE-8FF7-E74704460417}
		{B7975DDC-1F36-4482-97D2-49F7420D2B47} = {6B41AD50-3A7B-41DE-8FF7-E74704460417}
		{0847DC2D-8E38-4972-A733-AFDE6DC932C0} = {6B41AD50-3A7B-41DE-8FF7-E74704460417}
		{9264F591-04B6-47F6-AD83-084BF5E226AB} = {6B41AD50-3A7B-41DE-8FF7-E74704460417}
		{CD47138E-5C6D-4E9C-8A44-F1A080C8BE93} = {6B41AD50-3A7B-41DE-8FF7-E74704460417}
		{D4591159-57DE-410C-BF62-81E4E14BD192} = {6B41AD50-3A7B-41DE-8FF7-E74704460417}
		{9F457836-6420-49AD-8EB3-EEF300E35F8E} = {6B41AD50-3A7B-41DE-8FF7-E74704460417}
		{0C3952A7-BF54-4467-A70F-41EC5F3C3A0D} = {6B41AD50-3A7B-41DE-8FF7-E74704460417}
		{432DA871-1514-423E-B0EB-7F5873CB1E45} = {6B41AD50-3A7B-41DE-8FF7-E74704460417}
	EndGlobalSection
	GlobalSection(ExtensibilityGlobals) = postSolution
		SolutionGuid = {97C97DEA-A677-4CDB-919D-DECF30991C7B}
	EndGlobalSection
EndGlobal
