
Microsoft Visual Studio Solution File, Format Version 12.00
# Visual Studio Version 16
VisualStudioVersion = 16.0.31911.196
MinimumVisualStudioVersion = 10.0.40219.1
Project("{2150E333-8FDC-42A3-9474-1A3956D46DE8}") = "documents", "documents", "{0DD515E4-381E-4E42-B9CA-7B7908165544}"
	ProjectSection(SolutionItems) = preProject
		documents\documentation.md = documents\documentation.md
	EndProjectSection
EndProject
Project("{2150E333-8FDC-42A3-9474-1A3956D46DE8}") = "source", "source", "{9D0B1FD4-68F1-4F52-B213-DE36ED6FCC58}"
EndProject
Project("{9A19103F-16F7-4668-BE54-9A1E7A4F7556}") = "Schemas", "source\Schemas\Schemas.csproj", "{21B3FA27-B935-4749-B3C3-E615B14AC090}"
EndProject
Project("{2150E333-8FDC-42A3-9474-1A3956D46DE8}") = "release-notes", "release-notes", "{1FF062C0-42F8-4D4B-B8A5-F5E136C29A8E}"
	ProjectSection(SolutionItems) = preProject
		documents\release-notes\release-notes.md = documents\release-notes\release-notes.md
	EndProjectSection
EndProject
Global
	GlobalSection(SolutionConfigurationPlatforms) = preSolution
		Debug|Any CPU = Debug|Any CPU
		Release|Any CPU = Release|Any CPU
	EndGlobalSection
	GlobalSection(ProjectConfigurationPlatforms) = postSolution
		{21B3FA27-B935-4749-B3C3-E615B14AC090}.Debug|Any CPU.ActiveCfg = Debug|Any CPU
		{21B3FA27-B935-4749-B3C3-E615B14AC090}.Debug|Any CPU.Build.0 = Debug|Any CPU
		{21B3FA27-B935-4749-B3C3-E615B14AC090}.Release|Any CPU.ActiveCfg = Release|Any CPU
		{21B3FA27-B935-4749-B3C3-E615B14AC090}.Release|Any CPU.Build.0 = Release|Any CPU
	EndGlobalSection
	GlobalSection(SolutionProperties) = preSolution
		HideSolutionNode = FALSE
	EndGlobalSection
	GlobalSection(NestedProjects) = preSolution
		{21B3FA27-B935-4749-B3C3-E615B14AC090} = {9D0B1FD4-68F1-4F52-B213-DE36ED6FCC58}
		{1FF062C0-42F8-4D4B-B8A5-F5E136C29A8E} = {0DD515E4-381E-4E42-B9CA-7B7908165544}
	EndGlobalSection
	GlobalSection(ExtensibilityGlobals) = postSolution
		SolutionGuid = {1BB672B0-EC7D-4986-A3C7-B9078A5BD4DE}
	EndGlobalSection
EndGlobal
