
Microsoft Visual Studio Solution File, Format Version 12.00
# Visual Studio Version 17
VisualStudioVersion = 17.2.32802.462
MinimumVisualStudioVersion = 10.0.40219.1
Project("{2150E333-8FDC-42A3-9474-1A3956D46DE8}") = "documents", "documents", "{3596B88D-1C47-4D10-AFE8-0EE81AD6B968}"
	ProjectSection(SolutionItems) = preProject
		documents\development.md = documents\development.md
		documents\documentation.md = documents\documentation.md
		documents\eventhublistenermock.md = documents\eventhublistenermock.md
		documents\eventhubresourceprovider.md = documents\eventhubresourceprovider.md
		documents\functionapp-testcommon.md = documents\functionapp-testcommon.md
		documents\servicebuslistenermock.md = documents\servicebuslistenermock.md
		documents\servicebusresourceprovider.md = documents\servicebusresourceprovider.md
		documents\testcommon.md = documents\testcommon.md
	EndProjectSection
EndProject
Project("{2150E333-8FDC-42A3-9474-1A3956D46DE8}") = "source", "source", "{A07C3AD4-FD2D-4020-9D25-F49E92463C4F}"
EndProject
Project("{9A19103F-16F7-4668-BE54-9A1E7A4F7556}") = "TestCommon", "source\TestCommon\TestCommon.csproj", "{0D91CD97-4BEC-4DE3-891E-FFF1042C492E}"
EndProject
Project("{9A19103F-16F7-4668-BE54-9A1E7A4F7556}") = "TestCommon.Tests", "source\TestCommon.Tests\TestCommon.Tests.csproj", "{9864A246-EDD4-4864-BCC2-ED78BC1C5BAC}"
EndProject
Project("{9A19103F-16F7-4668-BE54-9A1E7A4F7556}") = "FunctionApp.TestCommon", "source\FunctionApp.TestCommon\FunctionApp.TestCommon.csproj", "{06B44BDA-BE24-4828-B415-9676B744D9B1}"
EndProject
Project("{9A19103F-16F7-4668-BE54-9A1E7A4F7556}") = "FunctionApp.TestCommon.Tests", "source\FunctionApp.TestCommon.Tests\FunctionApp.TestCommon.Tests.csproj", "{68F3FA93-576F-4B43-939D-EC5CFA1A5E06}"
EndProject
Project("{2150E333-8FDC-42A3-9474-1A3956D46DE8}") = "release-notes", "release-notes", "{1A45D1B9-D8D4-47A4-A201-D2D585089F68}"
	ProjectSection(SolutionItems) = preProject
		documents\release-notes\release-notes.md = documents\release-notes\release-notes.md
	EndProjectSection
EndProject
Project("{2150E333-8FDC-42A3-9474-1A3956D46DE8}") = "_ConfigurationFiles", "_ConfigurationFiles", "{64BDA1D4-CF5E-4528-994F-00F81D596ED2}"
	ProjectSection(SolutionItems) = preProject
		.editorconfig = .editorconfig
		Directory.Build.props = Directory.Build.props
	EndProjectSection
EndProject
Project("{9A19103F-16F7-4668-BE54-9A1E7A4F7556}") = "DurableFunctionApp.TestCommon", "source\DurableFunctionApp.TestCommon\DurableFunctionApp.TestCommon.csproj", "{FD086C2D-A290-49BD-ABFD-266589A72C3F}"
EndProject
Project("{FAE04EC0-301F-11D3-BF4B-00C04F79EFBC}") = "DurableFunctionApp.TestCommon.Tests", "source\DurableFunctionApp.TestCommon.Tests\DurableFunctionApp.TestCommon.Tests.csproj", "{2829952C-5610-44B4-BC39-724013FE5911}"
EndProject
Global
	GlobalSection(SolutionConfigurationPlatforms) = preSolution
		Debug|Any CPU = Debug|Any CPU
		Release|Any CPU = Release|Any CPU
	EndGlobalSection
	GlobalSection(ProjectConfigurationPlatforms) = postSolution
		{0D91CD97-4BEC-4DE3-891E-FFF1042C492E}.Debug|Any CPU.ActiveCfg = Debug|Any CPU
		{0D91CD97-4BEC-4DE3-891E-FFF1042C492E}.Debug|Any CPU.Build.0 = Debug|Any CPU
		{0D91CD97-4BEC-4DE3-891E-FFF1042C492E}.Release|Any CPU.ActiveCfg = Release|Any CPU
		{0D91CD97-4BEC-4DE3-891E-FFF1042C492E}.Release|Any CPU.Build.0 = Release|Any CPU
		{9864A246-EDD4-4864-BCC2-ED78BC1C5BAC}.Debug|Any CPU.ActiveCfg = Debug|Any CPU
		{9864A246-EDD4-4864-BCC2-ED78BC1C5BAC}.Debug|Any CPU.Build.0 = Debug|Any CPU
		{9864A246-EDD4-4864-BCC2-ED78BC1C5BAC}.Release|Any CPU.ActiveCfg = Release|Any CPU
		{9864A246-EDD4-4864-BCC2-ED78BC1C5BAC}.Release|Any CPU.Build.0 = Release|Any CPU
		{06B44BDA-BE24-4828-B415-9676B744D9B1}.Debug|Any CPU.ActiveCfg = Debug|Any CPU
		{06B44BDA-BE24-4828-B415-9676B744D9B1}.Debug|Any CPU.Build.0 = Debug|Any CPU
		{06B44BDA-BE24-4828-B415-9676B744D9B1}.Release|Any CPU.ActiveCfg = Release|Any CPU
		{06B44BDA-BE24-4828-B415-9676B744D9B1}.Release|Any CPU.Build.0 = Release|Any CPU
		{68F3FA93-576F-4B43-939D-EC5CFA1A5E06}.Debug|Any CPU.ActiveCfg = Debug|Any CPU
		{68F3FA93-576F-4B43-939D-EC5CFA1A5E06}.Debug|Any CPU.Build.0 = Debug|Any CPU
		{68F3FA93-576F-4B43-939D-EC5CFA1A5E06}.Release|Any CPU.ActiveCfg = Release|Any CPU
		{68F3FA93-576F-4B43-939D-EC5CFA1A5E06}.Release|Any CPU.Build.0 = Release|Any CPU
		{FD086C2D-A290-49BD-ABFD-266589A72C3F}.Debug|Any CPU.ActiveCfg = Debug|Any CPU
		{FD086C2D-A290-49BD-ABFD-266589A72C3F}.Debug|Any CPU.Build.0 = Debug|Any CPU
		{FD086C2D-A290-49BD-ABFD-266589A72C3F}.Release|Any CPU.ActiveCfg = Release|Any CPU
		{FD086C2D-A290-49BD-ABFD-266589A72C3F}.Release|Any CPU.Build.0 = Release|Any CPU
		{2829952C-5610-44B4-BC39-724013FE5911}.Debug|Any CPU.ActiveCfg = Debug|Any CPU
		{2829952C-5610-44B4-BC39-724013FE5911}.Debug|Any CPU.Build.0 = Debug|Any CPU
		{2829952C-5610-44B4-BC39-724013FE5911}.Release|Any CPU.ActiveCfg = Release|Any CPU
		{2829952C-5610-44B4-BC39-724013FE5911}.Release|Any CPU.Build.0 = Release|Any CPU
	EndGlobalSection
	GlobalSection(SolutionProperties) = preSolution
		HideSolutionNode = FALSE
	EndGlobalSection
	GlobalSection(NestedProjects) = preSolution
		{0D91CD97-4BEC-4DE3-891E-FFF1042C492E} = {A07C3AD4-FD2D-4020-9D25-F49E92463C4F}
		{9864A246-EDD4-4864-BCC2-ED78BC1C5BAC} = {A07C3AD4-FD2D-4020-9D25-F49E92463C4F}
		{06B44BDA-BE24-4828-B415-9676B744D9B1} = {A07C3AD4-FD2D-4020-9D25-F49E92463C4F}
		{68F3FA93-576F-4B43-939D-EC5CFA1A5E06} = {A07C3AD4-FD2D-4020-9D25-F49E92463C4F}
		{1A45D1B9-D8D4-47A4-A201-D2D585089F68} = {3596B88D-1C47-4D10-AFE8-0EE81AD6B968}
		{FD086C2D-A290-49BD-ABFD-266589A72C3F} = {A07C3AD4-FD2D-4020-9D25-F49E92463C4F}
		{2829952C-5610-44B4-BC39-724013FE5911} = {A07C3AD4-FD2D-4020-9D25-F49E92463C4F}
	EndGlobalSection
	GlobalSection(ExtensibilityGlobals) = postSolution
		SolutionGuid = {E7A777FC-C55F-4337-B266-CC1FE179D489}
	EndGlobalSection
EndGlobal
