
Microsoft Visual Studio Solution File, Format Version 12.00
# Visual Studio Version 17
VisualStudioVersion = 17.7.34003.232
MinimumVisualStudioVersion = 10.0.40219.1
Project("{9A19103F-16F7-4668-BE54-9A1E7A4F7556}") = "Messaging", "source\Messaging\Messaging.csproj", "{B3CC1EFC-DA6C-45F3-9AA6-D75FDBE1504B}"
EndProject
Project("{9A19103F-16F7-4668-BE54-9A1E7A4F7556}") = "Messaging.Tests", "source\Messaging.Tests\Messaging.Tests.csproj", "{68412EBF-701D-467D-8716-74269E171F41}"
EndProject
Project("{2150E333-8FDC-42A3-9474-1A3956D46DE8}") = "Tests", "Tests", "{05DE980B-A2A7-4235-AE53-3167E94699DD}"
EndProject
Project("{2150E333-8FDC-42A3-9474-1A3956D46DE8}") = "documents", "documents", "{5731DAF9-B9EF-480B-B4B9-585D41EE21BC}"
	ProjectSection(SolutionItems) = preProject
		documents\documentation.md = documents\documentation.md
		documents\transport-protocol.md = documents\transport-protocol.md
	EndProjectSection
EndProject
Project("{2150E333-8FDC-42A3-9474-1A3956D46DE8}") = "release-notes", "release-notes", "{7B8A3DCF-D347-4832-8E74-C374E7144421}"
	ProjectSection(SolutionItems) = preProject
		documents\release-notes\release-notes.md = documents\release-notes\release-notes.md
	EndProjectSection
EndProject
Global
	GlobalSection(SolutionConfigurationPlatforms) = preSolution
		Debug|Any CPU = Debug|Any CPU
		Release|Any CPU = Release|Any CPU
	EndGlobalSection
	GlobalSection(ProjectConfigurationPlatforms) = postSolution
		{B3CC1EFC-DA6C-45F3-9AA6-D75FDBE1504B}.Debug|Any CPU.ActiveCfg = Debug|Any CPU
		{B3CC1EFC-DA6C-45F3-9AA6-D75FDBE1504B}.Debug|Any CPU.Build.0 = Debug|Any CPU
		{B3CC1EFC-DA6C-45F3-9AA6-D75FDBE1504B}.Release|Any CPU.ActiveCfg = Release|Any CPU
		{B3CC1EFC-DA6C-45F3-9AA6-D75FDBE1504B}.Release|Any CPU.Build.0 = Release|Any CPU
		{68412EBF-701D-467D-8716-74269E171F41}.Debug|Any CPU.ActiveCfg = Debug|Any CPU
		{68412EBF-701D-467D-8716-74269E171F41}.Debug|Any CPU.Build.0 = Debug|Any CPU
		{68412EBF-701D-467D-8716-74269E171F41}.Release|Any CPU.ActiveCfg = Release|Any CPU
		{68412EBF-701D-467D-8716-74269E171F41}.Release|Any CPU.Build.0 = Release|Any CPU
	EndGlobalSection
	GlobalSection(SolutionProperties) = preSolution
		HideSolutionNode = FALSE
	EndGlobalSection
	GlobalSection(NestedProjects) = preSolution
		{68412EBF-701D-467D-8716-74269E171F41} = {05DE980B-A2A7-4235-AE53-3167E94699DD}
		{7B8A3DCF-D347-4832-8E74-C374E7144421} = {5731DAF9-B9EF-480B-B4B9-585D41EE21BC}
	EndGlobalSection
	GlobalSection(ExtensibilityGlobals) = postSolution
		SolutionGuid = {4D18003C-89D6-455C-87D2-BDCDC4C636E3}
	EndGlobalSection
EndGlobal
